
Microsoft Visual Studio Solution File, Format Version 12.00
# Visual Studio Version 17
VisualStudioVersion = 17.13.35931.197 d17.13
MinimumVisualStudioVersion = 10.0.40219.1
Project("{FAE04EC0-301F-11D3-BF4B-00C04F79EFBC}") = "ArvoreLogica", "ArvoreLogica\ArvoreLogica.csproj", "{B7FC1483-4DD5-4FD0-9FBF-2FF5F6B3232C}"
EndProject
Project("{FAE04EC0-301F-11D3-BF4B-00C04F79EFBC}") = "ArvoreInterface", "ArvoreInterface\ArvoreInterface.csproj", "{94E43DAE-B585-4F59-9A31-AE6C52AF210C}"
EndProject
Global
	GlobalSection(SolutionConfigurationPlatforms) = preSolution
		Debug|Any CPU = Debug|Any CPU
		Release|Any CPU = Release|Any CPU
	EndGlobalSection
	GlobalSection(ProjectConfigurationPlatforms) = postSolution
		{B7FC1483-4DD5-4FD0-9FBF-2FF5F6B3232C}.Debug|Any CPU.ActiveCfg = Debug|Any CPU
		{B7FC1483-4DD5-4FD0-9FBF-2FF5F6B3232C}.Debug|Any CPU.Build.0 = Debug|Any CPU
		{B7FC1483-4DD5-4FD0-9FBF-2FF5F6B3232C}.Release|Any CPU.ActiveCfg = Release|Any CPU
		{B7FC1483-4DD5-4FD0-9FBF-2FF5F6B3232C}.Release|Any CPU.Build.0 = Release|Any CPU
		{94E43DAE-B585-4F59-9A31-AE6C52AF210C}.Debug|Any CPU.ActiveCfg = Debug|Any CPU
		{94E43DAE-B585-4F59-9A31-AE6C52AF210C}.Debug|Any CPU.Build.0 = Debug|Any CPU
		{94E43DAE-B585-4F59-9A31-AE6C52AF210C}.Release|Any CPU.ActiveCfg = Release|Any CPU
		{94E43DAE-B585-4F59-9A31-AE6C52AF210C}.Release|Any CPU.Build.0 = Release|Any CPU
	EndGlobalSection
	GlobalSection(SolutionProperties) = preSolution
		HideSolutionNode = FALSE
	EndGlobalSection
	GlobalSection(ExtensibilityGlobals) = postSolution
		SolutionGuid = {6106E47A-688E-4443-A6D1-066774FEAC20}
	EndGlobalSection
EndGlobal
